
Microsoft Visual Studio Solution File, Format Version 12.00
# Visual Studio 2013
VisualStudioVersion = 12.0.31101.0
MinimumVisualStudioVersion = 10.0.40219.1
Project("{FAE04EC0-301F-11D3-BF4B-00C04F79EFBC}") = "Chapter1", "Chapter1.csproj", "{EBE78048-FC97-4CA4-8290-D3C785AD9590}"
EndProject
Project("{FAE04EC0-301F-11D3-BF4B-00C04F79EFBC}") = "Chapter2", "..\Chapter2\Chapter2.csproj", "{585C7C8F-94E3-438A-B181-E89D93D8EF7E}"
EndProject
Global
	GlobalSection(SolutionConfigurationPlatforms) = preSolution
		Debug|Any CPU = Debug|Any CPU
		Release|Any CPU = Release|Any CPU
	EndGlobalSection
	GlobalSection(ProjectConfigurationPlatforms) = postSolution
		{EBE78048-FC97-4CA4-8290-D3C785AD9590}.Debug|Any CPU.ActiveCfg = Debug|Any CPU
		{EBE78048-FC97-4CA4-8290-D3C785AD9590}.Debug|Any CPU.Build.0 = Debug|Any CPU
		{EBE78048-FC97-4CA4-8290-D3C785AD9590}.Release|Any CPU.ActiveCfg = Release|Any CPU
		{EBE78048-FC97-4CA4-8290-D3C785AD9590}.Release|Any CPU.Build.0 = Release|Any CPU
		{585C7C8F-94E3-438A-B181-E89D93D8EF7E}.Debug|Any CPU.ActiveCfg = Debug|Any CPU
		{585C7C8F-94E3-438A-B181-E89D93D8EF7E}.Debug|Any CPU.Build.0 = Debug|Any CPU
		{585C7C8F-94E3-438A-B181-E89D93D8EF7E}.Release|Any CPU.ActiveCfg = Release|Any CPU
		{585C7C8F-94E3-438A-B181-E89D93D8EF7E}.Release|Any CPU.Build.0 = Release|Any CPU
	EndGlobalSection
	GlobalSection(SolutionProperties) = preSolution
		HideSolutionNode = FALSE
	EndGlobalSection
EndGlobal
